// !$*UTF8*$!
{
	archiveVersion = 1;
	classes = {
	};
	objectVersion = 45;
	objects = {

/* Begin PBXBuildFile section */
		1D3623260D0F684500981E51 /* iGPSAppDelegate.m in Sources */ = {isa = PBXBuildFile; fileRef = 1D3623250D0F684500981E51 /* iGPSAppDelegate.m */; };
		1D60589B0D05DD56006BFB54 /* main.m in Sources */ = {isa = PBXBuildFile; fileRef = 29B97316FDCFA39411CA2CEA /* main.m */; };
		1D60589F0D05DD5A006BFB54 /* Foundation.framework in Frameworks */ = {isa = PBXBuildFile; fileRef = 1D30AB110D05D00D00671497 /* Foundation.framework */; };
		1DF5F4E00D08C38300B7A737 /* UIKit.framework in Frameworks */ = {isa = PBXBuildFile; fileRef = 1DF5F4DF0D08C38300B7A737 /* UIKit.framework */; };
		2892E4100DC94CBA00A64D0F /* CoreGraphics.framework in Frameworks */ = {isa = PBXBuildFile; fileRef = 2892E40F0DC94CBA00A64D0F /* CoreGraphics.framework */; };
		28AD73600D9D9599002E5188 /* MainWindow.xib in Resources */ = {isa = PBXBuildFile; fileRef = 28AD735F0D9D9599002E5188 /* MainWindow.xib */; };
		28C286E10D94DF7D0034E888 /* RootViewController.m in Sources */ = {isa = PBXBuildFile; fileRef = 28C286E00D94DF7D0034E888 /* RootViewController.m */; };
		28F335F11007B36200424DE2 /* RootViewController.xib in Resources */ = {isa = PBXBuildFile; fileRef = 28F335F01007B36200424DE2 /* RootViewController.xib */; };
		3B21E10712CBEBE8006D4C32 /* LocationProvider.m in Sources */ = {isa = PBXBuildFile; fileRef = 3B21E10612CBEBE8006D4C32 /* LocationProvider.m */; };
		3B21E11112CBEC2E006D4C32 /* GPSDataFormatter.m in Sources */ = {isa = PBXBuildFile; fileRef = 3B21E11012CBEC2E006D4C32 /* GPSDataFormatter.m */; };
		3B21E11512CBEC56006D4C32 /* CoreLocation.framework in Frameworks */ = {isa = PBXBuildFile; fileRef = 3B21E11412CBEC56006D4C32 /* CoreLocation.framework */; };
		3B290D5612CE4F87002148B5 /* SettingsDetailViewController.m in Sources */ = {isa = PBXBuildFile; fileRef = 3B290D5512CE4F87002148B5 /* SettingsDetailViewController.m */; };
		3B29100112CF5ED9002148B5 /* Constants.m in Sources */ = {isa = PBXBuildFile; fileRef = 3B29100012CF5ED9002148B5 /* Constants.m */; };
		3B8C528812D8472400793C6F /* iGPSCustomTableViewCell.m in Sources */ = {isa = PBXBuildFile; fileRef = 3B8C528712D8472400793C6F /* iGPSCustomTableViewCell.m */; };
		3B8C52A412D850F800793C6F /* TableCellView.xib in Resources */ = {isa = PBXBuildFile; fileRef = 3B8C52A312D850F800793C6F /* TableCellView.xib */; };
		3B8C540E12DA7A6A00793C6F /* Localizable.strings in Resources */ = {isa = PBXBuildFile; fileRef = 3B8C540D12DA7A6A00793C6F /* Localizable.strings */; };
		3B8C54D612DAECF400793C6F /* LocalizationHandler.m in Sources */ = {isa = PBXBuildFile; fileRef = 3B8C54D512DAECF400793C6F /* LocalizationHandler.m */; };
		3B9B917312E75E9100B19A25 /* Settings.bundle in Resources */ = {isa = PBXBuildFile; fileRef = 3B9B917212E75E9100B19A25 /* Settings.bundle */; };
		3BC7B68112CD397F00852765 /* SettingsViewController.m in Sources */ = {isa = PBXBuildFile; fileRef = 3BC7B67F12CD397F00852765 /* SettingsViewController.m */; };
		3BC7B68212CD397F00852765 /* SettingsViewController.xib in Resources */ = {isa = PBXBuildFile; fileRef = 3BC7B68012CD397F00852765 /* SettingsViewController.xib */; };
		3BD77A5A12ECE9BC00653243 /* Scanner.png in Resources */ = {isa = PBXBuildFile; fileRef = 3BD77A5812ECE9BC00653243 /* Scanner.png */; };
		3BD77A5B12ECE9BC00653243 /* Tools.png in Resources */ = {isa = PBXBuildFile; fileRef = 3BD77A5912ECE9BC00653243 /* Tools.png */; };
		3BD77BB812ED8C0000653243 /* SettingsBundleReader.m in Sources */ = {isa = PBXBuildFile; fileRef = 3BD77BB712ED8C0000653243 /* SettingsBundleReader.m */; };
/* End PBXBuildFile section */

/* Begin PBXFileReference section */
		1D30AB110D05D00D00671497 /* Foundation.framework */ = {isa = PBXFileReference; lastKnownFileType = wrapper.framework; name = Foundation.framework; path = System/Library/Frameworks/Foundation.framework; sourceTree = SDKROOT; };
		1D3623240D0F684500981E51 /* iGPSAppDelegate.h */ = {isa = PBXFileReference; fileEncoding = 4; lastKnownFileType = sourcecode.c.h; path = iGPSAppDelegate.h; sourceTree = "<group>"; };
		1D3623250D0F684500981E51 /* iGPSAppDelegate.m */ = {isa = PBXFileReference; fileEncoding = 4; lastKnownFileType = sourcecode.c.objc; path = iGPSAppDelegate.m; sourceTree = "<group>"; };
		1D6058910D05DD3D006BFB54 /* iGPS.app */ = {isa = PBXFileReference; explicitFileType = wrapper.application; includeInIndex = 0; path = iGPS.app; sourceTree = BUILT_PRODUCTS_DIR; };
		1DF5F4DF0D08C38300B7A737 /* UIKit.framework */ = {isa = PBXFileReference; lastKnownFileType = wrapper.framework; name = UIKit.framework; path = System/Library/Frameworks/UIKit.framework; sourceTree = SDKROOT; };
		2892E40F0DC94CBA00A64D0F /* CoreGraphics.framework */ = {isa = PBXFileReference; lastKnownFileType = wrapper.framework; name = CoreGraphics.framework; path = System/Library/Frameworks/CoreGraphics.framework; sourceTree = SDKROOT; };
		28A0AAE50D9B0CCF005BE974 /* iGPS_Prefix.pch */ = {isa = PBXFileReference; fileEncoding = 4; lastKnownFileType = sourcecode.c.h; path = iGPS_Prefix.pch; sourceTree = "<group>"; };
		28AD735F0D9D9599002E5188 /* MainWindow.xib */ = {isa = PBXFileReference; lastKnownFileType = file.xib; path = MainWindow.xib; sourceTree = "<group>"; };
		28C286DF0D94DF7D0034E888 /* RootViewController.h */ = {isa = PBXFileReference; fileEncoding = 4; lastKnownFileType = sourcecode.c.h; path = RootViewController.h; sourceTree = "<group>"; };
		28C286E00D94DF7D0034E888 /* RootViewController.m */ = {isa = PBXFileReference; fileEncoding = 4; lastKnownFileType = sourcecode.c.objc; path = RootViewController.m; sourceTree = "<group>"; };
		28F335F01007B36200424DE2 /* RootViewController.xib */ = {isa = PBXFileReference; lastKnownFileType = file.xib; path = RootViewController.xib; sourceTree = "<group>"; };
		29B97316FDCFA39411CA2CEA /* main.m */ = {isa = PBXFileReference; fileEncoding = 4; lastKnownFileType = sourcecode.c.objc; path = main.m; sourceTree = "<group>"; };
		3B21E10512CBEBE8006D4C32 /* LocationProvider.h */ = {isa = PBXFileReference; fileEncoding = 4; lastKnownFileType = sourcecode.c.h; path = LocationProvider.h; sourceTree = "<group>"; };
		3B21E10612CBEBE8006D4C32 /* LocationProvider.m */ = {isa = PBXFileReference; fileEncoding = 4; lastKnownFileType = sourcecode.c.objc; path = LocationProvider.m; sourceTree = "<group>"; };
		3B21E10F12CBEC2E006D4C32 /* GPSDataFormatter.h */ = {isa = PBXFileReference; fileEncoding = 4; lastKnownFileType = sourcecode.c.h; path = GPSDataFormatter.h; sourceTree = "<group>"; };
		3B21E11012CBEC2E006D4C32 /* GPSDataFormatter.m */ = {isa = PBXFileReference; fileEncoding = 4; lastKnownFileType = sourcecode.c.objc; path = GPSDataFormatter.m; sourceTree = "<group>"; };
		3B21E11412CBEC56006D4C32 /* CoreLocation.framework */ = {isa = PBXFileReference; lastKnownFileType = wrapper.framework; name = CoreLocation.framework; path = System/Library/Frameworks/CoreLocation.framework; sourceTree = SDKROOT; };
		3B290D5412CE4F87002148B5 /* SettingsDetailViewController.h */ = {isa = PBXFileReference; fileEncoding = 4; lastKnownFileType = sourcecode.c.h; path = SettingsDetailViewController.h; sourceTree = "<group>"; };
		3B290D5512CE4F87002148B5 /* SettingsDetailViewController.m */ = {isa = PBXFileReference; fileEncoding = 4; lastKnownFileType = sourcecode.c.objc; path = SettingsDetailViewController.m; sourceTree = "<group>"; };
		3B290FFF12CF5ED9002148B5 /* Constants.h */ = {isa = PBXFileReference; fileEncoding = 4; lastKnownFileType = sourcecode.c.h; path = Constants.h; sourceTree = "<group>"; };
		3B29100012CF5ED9002148B5 /* Constants.m */ = {isa = PBXFileReference; fileEncoding = 4; lastKnownFileType = sourcecode.c.objc; path = Constants.m; sourceTree = "<group>"; };
		3B8C528612D8472400793C6F /* iGPSCustomTableViewCell.h */ = {isa = PBXFileReference; fileEncoding = 4; lastKnownFileType = sourcecode.c.h; path = iGPSCustomTableViewCell.h; sourceTree = "<group>"; };
		3B8C528712D8472400793C6F /* iGPSCustomTableViewCell.m */ = {isa = PBXFileReference; fileEncoding = 4; lastKnownFileType = sourcecode.c.objc; path = iGPSCustomTableViewCell.m; sourceTree = "<group>"; };
		3B8C52A312D850F800793C6F /* TableCellView.xib */ = {isa = PBXFileReference; lastKnownFileType = file.xib; path = TableCellView.xib; sourceTree = "<group>"; };
		3B8C540B12DA7A6200793C6F /* English */ = {isa = PBXFileReference; fileEncoding = 10; lastKnownFileType = text.plist.strings; name = English; path = English.lproj/Localizable.strings; sourceTree = "<group>"; };
		3B8C540F12DA7A8200793C6F /* sk */ = {isa = PBXFileReference; lastKnownFileType = text.plist.strings; name = sk; path = sk.lproj/Localizable.strings; sourceTree = "<group>"; };
		3B8C54D412DAECF400793C6F /* LocalizationHandler.h */ = {isa = PBXFileReference; fileEncoding = 4; lastKnownFileType = sourcecode.c.h; path = LocalizationHandler.h; sourceTree = "<group>"; };
		3B8C54D512DAECF400793C6F /* LocalizationHandler.m */ = {isa = PBXFileReference; fileEncoding = 4; lastKnownFileType = sourcecode.c.objc; path = LocalizationHandler.m; sourceTree = "<group>"; };
		3B9B917212E75E9100B19A25 /* Settings.bundle */ = {isa = PBXFileReference; lastKnownFileType = "wrapper.plug-in"; path = Settings.bundle; sourceTree = "<group>"; };
		3BC7B67E12CD397F00852765 /* SettingsViewController.h */ = {isa = PBXFileReference; fileEncoding = 4; lastKnownFileType = sourcecode.c.h; path = SettingsViewController.h; sourceTree = "<group>"; };
		3BC7B67F12CD397F00852765 /* SettingsViewController.m */ = {isa = PBXFileReference; fileEncoding = 4; lastKnownFileType = sourcecode.c.objc; path = SettingsViewController.m; sourceTree = "<group>"; };
		3BC7B68012CD397F00852765 /* SettingsViewController.xib */ = {isa = PBXFileReference; lastKnownFileType = file.xib; name = SettingsViewController.xib; path = Classes/SettingsViewController.xib; sourceTree = "<group>"; };
		3BD77A5812ECE9BC00653243 /* Scanner.png */ = {isa = PBXFileReference; lastKnownFileType = image.png; path = Scanner.png; sourceTree = "<group>"; };
		3BD77A5912ECE9BC00653243 /* Tools.png */ = {isa = PBXFileReference; lastKnownFileType = image.png; path = Tools.png; sourceTree = "<group>"; };
		3BD77BB612ED8C0000653243 /* SettingsBundleReader.h */ = {isa = PBXFileReference; fileEncoding = 4; lastKnownFileType = sourcecode.c.h; path = SettingsBundleReader.h; sourceTree = "<group>"; };
		3BD77BB712ED8C0000653243 /* SettingsBundleReader.m */ = {isa = PBXFileReference; fileEncoding = 4; lastKnownFileType = sourcecode.c.objc; path = SettingsBundleReader.m; sourceTree = "<group>"; };
		8D1107310486CEB800E47090 /* iGPS-Info.plist */ = {isa = PBXFileReference; fileEncoding = 4; lastKnownFileType = text.plist.xml; path = "iGPS-Info.plist"; plistStructureDefinitionIdentifier = "com.apple.xcode.plist.structure-definition.iphone.info-plist"; sourceTree = "<group>"; };
/* End PBXFileReference section */

/* Begin PBXFrameworksBuildPhase section */
		1D60588F0D05DD3D006BFB54 /* Frameworks */ = {
			isa = PBXFrameworksBuildPhase;
			buildActionMask = 2147483647;
			files = (
				1D60589F0D05DD5A006BFB54 /* Foundation.framework in Frameworks */,
				1DF5F4E00D08C38300B7A737 /* UIKit.framework in Frameworks */,
				2892E4100DC94CBA00A64D0F /* CoreGraphics.framework in Frameworks */,
				3B21E11512CBEC56006D4C32 /* CoreLocation.framework in Frameworks */,
			);
			runOnlyForDeploymentPostprocessing = 0;
		};
/* End PBXFrameworksBuildPhase section */

/* Begin PBXGroup section */
		080E96DDFE201D6D7F000001 /* Classes */ = {
			isa = PBXGroup;
			children = (
				3BD7717312EA2E8100653243 /* Controllers */,
				3BD7717212EA2E7300653243 /* Views */,
				3BD7717112EA2E5300653243 /* Models */,
				1D3623240D0F684500981E51 /* iGPSAppDelegate.h */,
				1D3623250D0F684500981E51 /* iGPSAppDelegate.m */,
			);
			path = Classes;
			sourceTree = "<group>";
		};
		19C28FACFE9D520D11CA2CBB /* Products */ = {
			isa = PBXGroup;
			children = (
				1D6058910D05DD3D006BFB54 /* iGPS.app */,
			);
			name = Products;
			sourceTree = "<group>";
		};
		29B97314FDCFA39411CA2CEA /* CustomTemplate */ = {
			isa = PBXGroup;
			children = (
				080E96DDFE201D6D7F000001 /* Classes */,
				29B97315FDCFA39411CA2CEA /* Other Sources */,
				29B97317FDCFA39411CA2CEA /* Resources */,
				29B97323FDCFA39411CA2CEA /* Frameworks */,
				19C28FACFE9D520D11CA2CBB /* Products */,
			);
			name = CustomTemplate;
			sourceTree = "<group>";
		};
		29B97315FDCFA39411CA2CEA /* Other Sources */ = {
			isa = PBXGroup;
			children = (
				28A0AAE50D9B0CCF005BE974 /* iGPS_Prefix.pch */,
				29B97316FDCFA39411CA2CEA /* main.m */,
			);
			name = "Other Sources";
			sourceTree = "<group>";
		};
		29B97317FDCFA39411CA2CEA /* Resources */ = {
			isa = PBXGroup;
			children = (
				3BD77A5812ECE9BC00653243 /* Scanner.png */,
				3BD77A5912ECE9BC00653243 /* Tools.png */,
				3B9B917212E75E9100B19A25 /* Settings.bundle */,
				3BC7B68012CD397F00852765 /* SettingsViewController.xib */,
				28F335F01007B36200424DE2 /* RootViewController.xib */,
				28AD735F0D9D9599002E5188 /* MainWindow.xib */,
				8D1107310486CEB800E47090 /* iGPS-Info.plist */,
				3B8C540D12DA7A6A00793C6F /* Localizable.strings */,
				3B8C52A312D850F800793C6F /* TableCellView.xib */,
			);
			name = Resources;
			sourceTree = "<group>";
		};
		29B97323FDCFA39411CA2CEA /* Frameworks */ = {
			isa = PBXGroup;
			children = (
				3B21E11412CBEC56006D4C32 /* CoreLocation.framework */,
				1DF5F4DF0D08C38300B7A737 /* UIKit.framework */,
				1D30AB110D05D00D00671497 /* Foundation.framework */,
				2892E40F0DC94CBA00A64D0F /* CoreGraphics.framework */,
			);
			name = Frameworks;
			sourceTree = "<group>";
		};
		3BD7717112EA2E5300653243 /* Models */ = {
			isa = PBXGroup;
			children = (
				3B290FFF12CF5ED9002148B5 /* Constants.h */,
				3B29100012CF5ED9002148B5 /* Constants.m */,
				3B8C54D412DAECF400793C6F /* LocalizationHandler.h */,
				3B8C54D512DAECF400793C6F /* LocalizationHandler.m */,
				3B21E10F12CBEC2E006D4C32 /* GPSDataFormatter.h */,
				3B21E11012CBEC2E006D4C32 /* GPSDataFormatter.m */,
				3B21E10512CBEBE8006D4C32 /* LocationProvider.h */,
				3B21E10612CBEBE8006D4C32 /* LocationProvider.m */,
				3BD77BB612ED8C0000653243 /* SettingsBundleReader.h */,
				3BD77BB712ED8C0000653243 /* SettingsBundleReader.m */,
			);
			name = Models;
			sourceTree = "<group>";
		};
		3BD7717212EA2E7300653243 /* Views */ = {
			isa = PBXGroup;
			children = (
				3B8C528612D8472400793C6F /* iGPSCustomTableViewCell.h */,
				3B8C528712D8472400793C6F /* iGPSCustomTableViewCell.m */,
			);
			name = Views;
			sourceTree = "<group>";
		};
		3BD7717312EA2E8100653243 /* Controllers */ = {
			isa = PBXGroup;
			children = (
				3BC7B67E12CD397F00852765 /* SettingsViewController.h */,
				3BC7B67F12CD397F00852765 /* SettingsViewController.m */,
				3B290D5412CE4F87002148B5 /* SettingsDetailViewController.h */,
				3B290D5512CE4F87002148B5 /* SettingsDetailViewController.m */,
				28C286DF0D94DF7D0034E888 /* RootViewController.h */,
				28C286E00D94DF7D0034E888 /* RootViewController.m */,
			);
			name = Controllers;
			sourceTree = "<group>";
		};
/* End PBXGroup section */

/* Begin PBXNativeTarget section */
		1D6058900D05DD3D006BFB54 /* iGPS */ = {
			isa = PBXNativeTarget;
			buildConfigurationList = 1D6058960D05DD3E006BFB54 /* Build configuration list for PBXNativeTarget "iGPS" */;
			buildPhases = (
				1D60588D0D05DD3D006BFB54 /* Resources */,
				1D60588E0D05DD3D006BFB54 /* Sources */,
				1D60588F0D05DD3D006BFB54 /* Frameworks */,
			);
			buildRules = (
			);
			dependencies = (
			);
			name = iGPS;
			productName = iGPS;
			productReference = 1D6058910D05DD3D006BFB54 /* iGPS.app */;
			productType = "com.apple.product-type.application";
		};
/* End PBXNativeTarget section */

/* Begin PBXProject section */
		29B97313FDCFA39411CA2CEA /* Project object */ = {
			isa = PBXProject;
			buildConfigurationList = C01FCF4E08A954540054247B /* Build configuration list for PBXProject "iGPS" */;
			compatibilityVersion = "Xcode 3.1";
			developmentRegion = English;
			hasScannedForEncodings = 1;
			knownRegions = (
				English,
				Japanese,
				French,
				German,
				en,
				sk,
			);
			mainGroup = 29B97314FDCFA39411CA2CEA /* CustomTemplate */;
			projectDirPath = "";
			projectRoot = "";
			targets = (
				1D6058900D05DD3D006BFB54 /* iGPS */,
			);
		};
/* End PBXProject section */

/* Begin PBXResourcesBuildPhase section */
		1D60588D0D05DD3D006BFB54 /* Resources */ = {
			isa = PBXResourcesBuildPhase;
			buildActionMask = 2147483647;
			files = (
				28AD73600D9D9599002E5188 /* MainWindow.xib in Resources */,
				28F335F11007B36200424DE2 /* RootViewController.xib in Resources */,
				3BC7B68212CD397F00852765 /* SettingsViewController.xib in Resources */,
				3B8C52A412D850F800793C6F /* TableCellView.xib in Resources */,
				3B8C540E12DA7A6A00793C6F /* Localizable.strings in Resources */,
				3B9B917312E75E9100B19A25 /* Settings.bundle in Resources */,
				3BD77A5A12ECE9BC00653243 /* Scanner.png in Resources */,
				3BD77A5B12ECE9BC00653243 /* Tools.png in Resources */,
			);
			runOnlyForDeploymentPostprocessing = 0;
		};
/* End PBXResourcesBuildPhase section */

/* Begin PBXSourcesBuildPhase section */
		1D60588E0D05DD3D006BFB54 /* Sources */ = {
			isa = PBXSourcesBuildPhase;
			buildActionMask = 2147483647;
			files = (
				1D60589B0D05DD56006BFB54 /* main.m in Sources */,
				1D3623260D0F684500981E51 /* iGPSAppDelegate.m in Sources */,
				28C286E10D94DF7D0034E888 /* RootViewController.m in Sources */,
				3B21E10712CBEBE8006D4C32 /* LocationProvider.m in Sources */,
				3B21E11112CBEC2E006D4C32 /* GPSDataFormatter.m in Sources */,
				3BC7B68112CD397F00852765 /* SettingsViewController.m in Sources */,
				3B290D5612CE4F87002148B5 /* SettingsDetailViewController.m in Sources */,
				3B29100112CF5ED9002148B5 /* Constants.m in Sources */,
				3B8C528812D8472400793C6F /* iGPSCustomTableViewCell.m in Sources */,
				3B8C54D612DAECF400793C6F /* LocalizationHandler.m in Sources */,
				3BD77BB812ED8C0000653243 /* SettingsBundleReader.m in Sources */,
			);
			runOnlyForDeploymentPostprocessing = 0;
		};
/* End PBXSourcesBuildPhase section */

/* Begin PBXVariantGroup section */
		3B8C540D12DA7A6A00793C6F /* Localizable.strings */ = {
			isa = PBXVariantGroup;
			children = (
				3B8C540B12DA7A6200793C6F /* English */,
				3B8C540F12DA7A8200793C6F /* sk */,
			);
			name = Localizable.strings;
			sourceTree = "<group>";
		};
/* End PBXVariantGroup section */

/* Begin XCBuildConfiguration section */
		1D6058940D05DD3E006BFB54 /* Debug */ = {
			isa = XCBuildConfiguration;
			buildSettings = {
				ALWAYS_SEARCH_USER_PATHS = NO;
				COPY_PHASE_STRIP = NO;
				GCC_DYNAMIC_NO_PIC = NO;
				GCC_OPTIMIZATION_LEVEL = 0;
				GCC_PRECOMPILE_PREFIX_HEADER = YES;
				GCC_PREFIX_HEADER = iGPS_Prefix.pch;
				INFOPLIST_FILE = "iGPS-Info.plist";
				PRODUCT_NAME = iGPS;
			};
			name = Debug;
		};
		1D6058950D05DD3E006BFB54 /* Release */ = {
			isa = XCBuildConfiguration;
			buildSettings = {
				ALWAYS_SEARCH_USER_PATHS = NO;
				COPY_PHASE_STRIP = YES;
				GCC_PRECOMPILE_PREFIX_HEADER = YES;
				GCC_PREFIX_HEADER = iGPS_Prefix.pch;
				INFOPLIST_FILE = "iGPS-Info.plist";
				PRODUCT_NAME = iGPS;
				VALIDATE_PRODUCT = YES;
			};
			name = Release;
		};
		C01FCF4F08A954540054247B /* Debug */ = {
			isa = XCBuildConfiguration;
			buildSettings = {
				ARCHS = "$(ARCHS_STANDARD_32_BIT)";
				"CODE_SIGN_IDENTITY[sdk=iphoneos*]" = "iPhone Developer";
				DEBUG_INFORMATION_FORMAT = "dwarf-with-dsym";
				GCC_C_LANGUAGE_STANDARD = c99;
				GCC_DEBUGGING_SYMBOLS = default;
				GCC_ENABLE_FIX_AND_CONTINUE = NO;
				GCC_VERSION = com.apple.compilers.llvm.clang.1_0;
				GCC_WARN_ABOUT_RETURN_TYPE = YES;
				GCC_WARN_UNUSED_VARIABLE = YES;
				PREBINDING = NO;
				RUN_CLANG_STATIC_ANALYZER = YES;
				SDKROOT = iphoneos;
			};
			name = Debug;
		};
		C01FCF5008A954540054247B /* Release */ = {
			isa = XCBuildConfiguration;
			buildSettings = {
				ARCHS = "$(ARCHS_STANDARD_32_BIT)";
				"CODE_SIGN_IDENTITY[sdk=iphoneos*]" = "iPhone Developer";
				GCC_C_LANGUAGE_STANDARD = c99;
				GCC_WARN_ABOUT_RETURN_TYPE = YES;
				GCC_WARN_UNUSED_VARIABLE = YES;
				OTHER_CFLAGS = "-DNS_BLOCK_ASSERTIONS=1";
				PREBINDING = NO;
				SDKROOT = iphoneos;
			};
			name = Release;
		};
/* End XCBuildConfiguration section */

/* Begin XCConfigurationList section */
		1D6058960D05DD3E006BFB54 /* Build configuration list for PBXNativeTarget "iGPS" */ = {
			isa = XCConfigurationList;
			buildConfigurations = (
				1D6058940D05DD3E006BFB54 /* Debug */,
				1D6058950D05DD3E006BFB54 /* Release */,
			);
			defaultConfigurationIsVisible = 0;
			defaultConfigurationName = Release;
		};
		C01FCF4E08A954540054247B /* Build configuration list for PBXProject "iGPS" */ = {
			isa = XCConfigurationList;
			buildConfigurations = (
				C01FCF4F08A954540054247B /* Debug */,
				C01FCF5008A954540054247B /* Release */,
			);
			defaultConfigurationIsVisible = 0;
			defaultConfigurationName = Release;
		};
/* End XCConfigurationList section */
	};
	rootObject = 29B97313FDCFA39411CA2CEA /* Project object */;
}
